
Microsoft Visual Studio Solution File, Format Version 12.00
# Visual Studio Version 17
VisualStudioVersion = 17.11.35312.102
MinimumVisualStudioVersion = 10.0.40219.1
Project("{9A19103F-16F7-4668-BE54-9A1E7A4F7556}") = "SimpleFilesCompare", "WpfApp\SimpleFilesCompare.csproj", "{0295181C-BEE3-488A-AC0F-9E2405325B35}"
EndProject
Global
	GlobalSection(SolutionConfigurationPlatforms) = preSolution
		Debug|Any CPU = Debug|Any CPU
		Release|Any CPU = Release|Any CPU
	EndGlobalSection
	GlobalSection(ProjectConfigurationPlatforms) = postSolution
		{0295181C-BEE3-488A-AC0F-9E2405325B35}.Debug|Any CPU.ActiveCfg = Debug|Any CPU
		{0295181C-BEE3-488A-AC0F-9E2405325B35}.Debug|Any CPU.Build.0 = Debug|Any CPU
		{0295181C-BEE3-488A-AC0F-9E2405325B35}.Release|Any CPU.ActiveCfg = Release|Any CPU
		{0295181C-BEE3-488A-AC0F-9E2405325B35}.Release|Any CPU.Build.0 = Release|Any CPU
	EndGlobalSection
	GlobalSection(SolutionProperties) = preSolution
		HideSolutionNode = FALSE
	EndGlobalSection
	GlobalSection(ExtensibilityGlobals) = postSolution
		SolutionGuid = {6BEECACC-6B8B-4E29-96DF-9E4E9B779C5C}
	EndGlobalSection
EndGlobal
